
Microsoft Visual Studio Solution File, Format Version 12.00
# Visual Studio Version 17
VisualStudioVersion = 17.7.34031.279
MinimumVisualStudioVersion = 10.0.40219.1
Project("{FAE04EC0-301F-11D3-BF4B-00C04F79EFBC}") = "AyakkabiMarkalari_2213201033_ahmetşamilsalman", "AyakkabiMarkalari_2213201033_ahmetşamilsalman\AyakkabiMarkalari_2213201033_ahmetşamilsalman.csproj", "{D17D006A-6341-41B9-9B70-0E53D7EBBD23}"
EndProject
Global
	GlobalSection(SolutionConfigurationPlatforms) = preSolution
		Debug|Any CPU = Debug|Any CPU
		Release|Any CPU = Release|Any CPU
	EndGlobalSection
	GlobalSection(ProjectConfigurationPlatforms) = postSolution
		{D17D006A-6341-41B9-9B70-0E53D7EBBD23}.Debug|Any CPU.ActiveCfg = Debug|Any CPU
		{D17D006A-6341-41B9-9B70-0E53D7EBBD23}.Debug|Any CPU.Build.0 = Debug|Any CPU
		{D17D006A-6341-41B9-9B70-0E53D7EBBD23}.Release|Any CPU.ActiveCfg = Release|Any CPU
		{D17D006A-6341-41B9-9B70-0E53D7EBBD23}.Release|Any CPU.Build.0 = Release|Any CPU
	EndGlobalSection
	GlobalSection(SolutionProperties) = preSolution
		HideSolutionNode = FALSE
	EndGlobalSection
	GlobalSection(ExtensibilityGlobals) = postSolution
		SolutionGuid = {DD13253F-7C78-49A9-A0D7-4B99F5BC752E}
	EndGlobalSection
EndGlobal
